// !$*UTF8*$!
{
	archiveVersion = 1;
	classes = {
	};
	objectVersion = 77;
	objects = {

/* Begin PBXBuildFile section */
		A10000000000000000000001 /* FlybookIPadApp.swift in Sources */ = {isa = PBXBuildFile; fileRef = B10000000000000000000001 /* FlybookIPadApp.swift */; };
		A10000000000000000000002 /* ContentView.swift in Sources */ = {isa = PBXBuildFile; fileRef = B10000000000000000000002 /* ContentView.swift */; };
		A10000000000000000000003 /* Airport.swift in Sources */ = {isa = PBXBuildFile; fileRef = B10000000000000000000003 /* Airport.swift */; };
		A10000000000000000000004 /* CSVParser.swift in Sources */ = {isa = PBXBuildFile; fileRef = B10000000000000000000004 /* CSVParser.swift */; };
		A10000000000000000000005 /* airports.csv in Resources */ = {isa = PBXBuildFile; fileRef = B10000000000000000000005 /* airports.csv */; };
		A10000000000000000000006 /* Assets.xcassets in Resources */ = {isa = PBXBuildFile; fileRef = B10000000000000000000006 /* Assets.xcassets */; };
		A10000000000000000000007 /* FlybookDashboardView.swift in Sources */ = {isa = PBXBuildFile; fileRef = B10000000000000000000008 /* FlybookDashboardView.swift */; };
		A10000000000000000000008 /* fuels.csv in Resources */ = {isa = PBXBuildFile; fileRef = B10000000000000000000009 /* fuels.csv */; };
		A10000000000000000000009 /* FuelCatalog.swift in Sources */ = {isa = PBXBuildFile; fileRef = B1000000000000000000000A /* FuelCatalog.swift */; };
		A1000000000000000000000A /* fuel_prices.csv in Resources */ = {isa = PBXBuildFile; fileRef = B1000000000000000000000B /* fuel_prices.csv */; };
		A1000000000000000000000B /* features.csv in Resources */ = {isa = PBXBuildFile; fileRef = B1000000000000000000000C /* features.csv */; };
		A1000000000000000000000C /* AirportPresentationCatalog.swift in Sources */ = {isa = PBXBuildFile; fileRef = B1000000000000000000000D /* AirportPresentationCatalog.swift */; };
		A1000000000000000000000D /* IPadRouteWeatherRisk.swift in Sources */ = {isa = PBXBuildFile; fileRef = B1000000000000000000000E /* IPadRouteWeatherRisk.swift */; };
		A1000000000000000000000E /* IPadRouteMapView.swift in Sources */ = {isa = PBXBuildFile; fileRef = B1000000000000000000000F /* IPadRouteMapView.swift */; };
		A1000000000000000000000F /* SharedWeatherSupport.swift in Sources */ = {isa = PBXBuildFile; fileRef = B10000000000000000000010 /* SharedWeatherSupport.swift */; };
		A10000000000000000000010 /* ../Sources/FlybookEurope/FlightNetwork.swift in Sources */ = {isa = PBXBuildFile; fileRef = B10000000000000000000011 /* ../Sources/FlybookEurope/FlightNetwork.swift */; };
		A10000000000000000000011 /* ../Sources/FlybookEurope/EDFZWeatherService.swift in Sources */ = {isa = PBXBuildFile; fileRef = B10000000000000000000012 /* ../Sources/FlybookEurope/EDFZWeatherService.swift */; };
		A10000000000000000000012 /* ../Sources/FlybookEurope/FogRiskModel.swift in Sources */ = {isa = PBXBuildFile; fileRef = B10000000000000000000013 /* ../Sources/FlybookEurope/FogRiskModel.swift */; };
		A10000000000000000000013 /* FlightPlanningCore.swift in Sources */ = {isa = PBXBuildFile; fileRef = B10000000000000000000014 /* FlightPlanningCore.swift */; };
		A10000000000000000000014 /* IPadWeatherViewModel.swift in Sources */ = {isa = PBXBuildFile; fileRef = B10000000000000000000015 /* IPadWeatherViewModel.swift */; };
		A10000000000000000000015 /* IPadRouteWind.swift in Sources */ = {isa = PBXBuildFile; fileRef = B10000000000000000000016 /* IPadRouteWind.swift */; };
		A10000000000000000000016 /* IPadMenuPages.swift in Sources */ = {isa = PBXBuildFile; fileRef = B10000000000000000000017 /* IPadMenuPages.swift */; };
		A10000000000000000000017 /* ../Sources/FlybookEurope/DWDICONCeilingService.swift in Sources */ = {isa = PBXBuildFile; fileRef = B10000000000000000000018 /* ../Sources/FlybookEurope/DWDICONCeilingService.swift */; };
		A10000000000000000000018 /* ../Sources/FlybookEurope/DWDMOSMIXService.swift in Sources */ = {isa = PBXBuildFile; fileRef = B10000000000000000000019 /* ../Sources/FlybookEurope/DWDMOSMIXService.swift */; };
		A10000000000000000000019 /* IPadDestinationFinderWeather.swift in Sources */ = {isa = PBXBuildFile; fileRef = B1000000000000000000001A /* IPadDestinationFinderWeather.swift */; };
/* End PBXBuildFile section */

/* Begin PBXFileReference section */
		B10000000000000000000001 /* FlybookIPadApp.swift */ = {isa = PBXFileReference; lastKnownFileType = sourcecode.swift; path = FlybookIPadApp.swift; sourceTree = "<group>"; };
		B10000000000000000000002 /* ContentView.swift */ = {isa = PBXFileReference; lastKnownFileType = sourcecode.swift; path = ContentView.swift; sourceTree = "<group>"; };
		B10000000000000000000003 /* Airport.swift */ = {isa = PBXFileReference; lastKnownFileType = sourcecode.swift; path = Airport.swift; sourceTree = "<group>"; };
		B10000000000000000000004 /* CSVParser.swift */ = {isa = PBXFileReference; lastKnownFileType = sourcecode.swift; path = CSVParser.swift; sourceTree = "<group>"; };
		B10000000000000000000005 /* airports.csv */ = {isa = PBXFileReference; lastKnownFileType = text; path = ../Sources/FlybookEurope/Resources/airports.csv; sourceTree = SOURCE_ROOT; };
		B10000000000000000000006 /* Assets.xcassets */ = {isa = PBXFileReference; lastKnownFileType = folder.assetcatalog; path = Assets.xcassets; sourceTree = "<group>"; };
		B10000000000000000000007 /* Flybook Europe.app */ = {isa = PBXFileReference; explicitFileType = wrapper.application; includeInIndex = 0; path = "Flybook Europe.app"; sourceTree = BUILT_PRODUCTS_DIR; };
		B10000000000000000000008 /* FlybookDashboardView.swift */ = {isa = PBXFileReference; lastKnownFileType = sourcecode.swift; path = FlybookDashboardView.swift; sourceTree = "<group>"; };
		B10000000000000000000009 /* fuels.csv */ = {isa = PBXFileReference; lastKnownFileType = text; path = ../Sources/FlybookEurope/Resources/fuels.csv; sourceTree = SOURCE_ROOT; };
		B1000000000000000000000A /* FuelCatalog.swift */ = {isa = PBXFileReference; lastKnownFileType = sourcecode.swift; path = FuelCatalog.swift; sourceTree = "<group>"; };
		B1000000000000000000000B /* fuel_prices.csv */ = {isa = PBXFileReference; lastKnownFileType = text; path = ../Sources/FlybookEurope/Resources/fuel_prices.csv; sourceTree = SOURCE_ROOT; };
		B1000000000000000000000C /* features.csv */ = {isa = PBXFileReference; lastKnownFileType = text; path = ../Sources/FlybookEurope/Resources/features.csv; sourceTree = SOURCE_ROOT; };
		B1000000000000000000000D /* AirportPresentationCatalog.swift */ = {isa = PBXFileReference; lastKnownFileType = sourcecode.swift; path = AirportPresentationCatalog.swift; sourceTree = "<group>"; };
		B1000000000000000000000E /* IPadRouteWeatherRisk.swift */ = {isa = PBXFileReference; lastKnownFileType = sourcecode.swift; path = IPadRouteWeatherRisk.swift; sourceTree = "<group>"; };
		B1000000000000000000000F /* IPadRouteMapView.swift */ = {isa = PBXFileReference; lastKnownFileType = sourcecode.swift; path = IPadRouteMapView.swift; sourceTree = "<group>"; };
		B10000000000000000000010 /* SharedWeatherSupport.swift */ = {isa = PBXFileReference; lastKnownFileType = sourcecode.swift; path = SharedWeatherSupport.swift; sourceTree = "<group>"; };
		B10000000000000000000011 /* ../Sources/FlybookEurope/FlightNetwork.swift */ = {isa = PBXFileReference; lastKnownFileType = sourcecode.swift; path = ../Sources/FlybookEurope/FlightNetwork.swift; sourceTree = SOURCE_ROOT; };
		B10000000000000000000012 /* ../Sources/FlybookEurope/EDFZWeatherService.swift */ = {isa = PBXFileReference; lastKnownFileType = sourcecode.swift; path = ../Sources/FlybookEurope/EDFZWeatherService.swift; sourceTree = SOURCE_ROOT; };
		B10000000000000000000013 /* ../Sources/FlybookEurope/FogRiskModel.swift */ = {isa = PBXFileReference; lastKnownFileType = sourcecode.swift; path = ../Sources/FlybookEurope/FogRiskModel.swift; sourceTree = SOURCE_ROOT; };
		B10000000000000000000014 /* FlightPlanningCore.swift */ = {isa = PBXFileReference; lastKnownFileType = sourcecode.swift; path = FlightPlanningCore.swift; sourceTree = "<group>"; };
		B10000000000000000000015 /* IPadWeatherViewModel.swift */ = {isa = PBXFileReference; lastKnownFileType = sourcecode.swift; path = IPadWeatherViewModel.swift; sourceTree = "<group>"; };
		B10000000000000000000016 /* IPadRouteWind.swift */ = {isa = PBXFileReference; lastKnownFileType = sourcecode.swift; path = IPadRouteWind.swift; sourceTree = "<group>"; };
		B10000000000000000000017 /* IPadMenuPages.swift */ = {isa = PBXFileReference; lastKnownFileType = sourcecode.swift; path = IPadMenuPages.swift; sourceTree = "<group>"; };
		B10000000000000000000018 /* ../Sources/FlybookEurope/DWDICONCeilingService.swift */ = {isa = PBXFileReference; lastKnownFileType = sourcecode.swift; path = ../Sources/FlybookEurope/DWDICONCeilingService.swift; sourceTree = SOURCE_ROOT; };
		B10000000000000000000019 /* ../Sources/FlybookEurope/DWDMOSMIXService.swift */ = {isa = PBXFileReference; lastKnownFileType = sourcecode.swift; path = ../Sources/FlybookEurope/DWDMOSMIXService.swift; sourceTree = SOURCE_ROOT; };
		B1000000000000000000001A /* IPadDestinationFinderWeather.swift */ = {isa = PBXFileReference; lastKnownFileType = sourcecode.swift; path = IPadDestinationFinderWeather.swift; sourceTree = "<group>"; };
/* End PBXFileReference section */

/* Begin PBXFrameworksBuildPhase section */
		C10000000000000000000001 /* Frameworks */ = {
			isa = PBXFrameworksBuildPhase;
			buildActionMask = 2147483647;
			files = (
			);
			runOnlyForDeploymentPostprocessing = 0;
		};
/* End PBXFrameworksBuildPhase section */

/* Begin PBXGroup section */
		D10000000000000000000001 = {
			isa = PBXGroup;
			children = (
				D10000000000000000000002 /* Flybook-iPad */,
				D10000000000000000000006 /* Products */,
			);
			sourceTree = "<group>";
		};
		D10000000000000000000002 /* Flybook-iPad */ = {
			isa = PBXGroup;
			children = (
				D10000000000000000000003 /* App */,
				D10000000000000000000004 /* Core */,
				D10000000000000000000005 /* Resources */,
				B10000000000000000000006 /* Assets.xcassets */,
			);
			path = "Flybook-iPad";
			sourceTree = "<group>";
		};
		D10000000000000000000003 /* App */ = {
			isa = PBXGroup;
			children = (
				B10000000000000000000001 /* FlybookIPadApp.swift */,
				B10000000000000000000002 /* ContentView.swift */,
				B10000000000000000000008 /* FlybookDashboardView.swift */,
				B10000000000000000000017 /* IPadMenuPages.swift */,
			);
			path = App;
			sourceTree = "<group>";
		};
		D10000000000000000000004 /* Core */ = {
			isa = PBXGroup;
			children = (
				B10000000000000000000003 /* Airport.swift */,
				B10000000000000000000004 /* CSVParser.swift */,
				B1000000000000000000000A /* FuelCatalog.swift */,
				B1000000000000000000000D /* AirportPresentationCatalog.swift */,
				B1000000000000000000000E /* IPadRouteWeatherRisk.swift */,
				B1000000000000000000000F /* IPadRouteMapView.swift */,
				B10000000000000000000010 /* SharedWeatherSupport.swift */,
				B10000000000000000000011 /* ../Sources/FlybookEurope/FlightNetwork.swift */,
				B10000000000000000000012 /* ../Sources/FlybookEurope/EDFZWeatherService.swift */,
				B10000000000000000000018 /* ../Sources/FlybookEurope/DWDICONCeilingService.swift */,
				B10000000000000000000019 /* ../Sources/FlybookEurope/DWDMOSMIXService.swift */,
				B10000000000000000000013 /* ../Sources/FlybookEurope/FogRiskModel.swift */,
				B10000000000000000000014 /* FlightPlanningCore.swift */,
				B10000000000000000000015 /* IPadWeatherViewModel.swift */,
				B10000000000000000000016 /* IPadRouteWind.swift */,
				B1000000000000000000001A /* IPadDestinationFinderWeather.swift */,
			);
			path = Core;
			sourceTree = "<group>";
		};
		D10000000000000000000005 /* Resources */ = {
			isa = PBXGroup;
			children = (
				B10000000000000000000005 /* airports.csv */,
				B10000000000000000000009 /* fuels.csv */,
				B1000000000000000000000B /* fuel_prices.csv */,
				B1000000000000000000000C /* features.csv */,
			);
			path = Resources;
			sourceTree = "<group>";
		};
		D10000000000000000000006 /* Products */ = {
			isa = PBXGroup;
			children = (
				B10000000000000000000007 /* Flybook Europe.app */,
			);
			name = Products;
			sourceTree = "<group>";
		};
/* End PBXGroup section */

/* Begin PBXNativeTarget section */
		E10000000000000000000001 /* Flybook-iPad */ = {
			isa = PBXNativeTarget;
			buildConfigurationList = F10000000000000000000002 /* Build configuration list for PBXNativeTarget "Flybook-iPad" */;
			buildPhases = (
				C10000000000000000000002 /* Sources */,
				C10000000000000000000001 /* Frameworks */,
				C10000000000000000000003 /* Resources */,
			);
			buildRules = (
			);
			dependencies = (
			);
			name = "Flybook-iPad";
			productName = "Flybook Europe";
			productReference = B10000000000000000000007 /* Flybook Europe.app */;
			productType = "com.apple.product-type.application";
		};
/* End PBXNativeTarget section */

/* Begin PBXProject section */
		E10000000000000000000002 /* Project object */ = {
			isa = PBXProject;
			attributes = {
				BuildIndependentTargetsInParallel = 1;
				LastSwiftUpdateCheck = 2600;
				LastUpgradeCheck = 2600;
				TargetAttributes = {
					E10000000000000000000001 = {
						CreatedOnToolsVersion = 26.0;
					};
				};
			};
			buildConfigurationList = F10000000000000000000001 /* Build configuration list for PBXProject "Flybook-iPad" */;
			developmentRegion = de;
			hasScannedForEncodings = 0;
			knownRegions = (
				de,
				Base,
			);
			mainGroup = D10000000000000000000001;
			preferredProjectObjectVersion = 77;
			productRefGroup = D10000000000000000000006 /* Products */;
			projectDirPath = "";
			projectRoot = "";
			targets = (
				E10000000000000000000001 /* Flybook-iPad */,
			);
		};
/* End PBXProject section */

/* Begin PBXResourcesBuildPhase section */
		C10000000000000000000003 /* Resources */ = {
			isa = PBXResourcesBuildPhase;
			buildActionMask = 2147483647;
			files = (
				A10000000000000000000006 /* Assets.xcassets in Resources */,
				A10000000000000000000005 /* airports.csv in Resources */,
				A10000000000000000000008 /* fuels.csv in Resources */,
				A1000000000000000000000A /* fuel_prices.csv in Resources */,
				A1000000000000000000000B /* features.csv in Resources */,
			);
			runOnlyForDeploymentPostprocessing = 0;
		};
/* End PBXResourcesBuildPhase section */

/* Begin PBXSourcesBuildPhase section */
		C10000000000000000000002 /* Sources */ = {
			isa = PBXSourcesBuildPhase;
			buildActionMask = 2147483647;
			files = (
				A10000000000000000000003 /* Airport.swift in Sources */,
				A10000000000000000000002 /* ContentView.swift in Sources */,
				A10000000000000000000007 /* FlybookDashboardView.swift in Sources */,
				A10000000000000000000001 /* FlybookIPadApp.swift in Sources */,
				A10000000000000000000004 /* CSVParser.swift in Sources */,
				A10000000000000000000009 /* FuelCatalog.swift in Sources */,
				A1000000000000000000000C /* AirportPresentationCatalog.swift in Sources */,
				A1000000000000000000000D /* IPadRouteWeatherRisk.swift in Sources */,
				A1000000000000000000000E /* IPadRouteMapView.swift in Sources */,
				A1000000000000000000000F /* SharedWeatherSupport.swift in Sources */,
				A10000000000000000000010 /* ../Sources/FlybookEurope/FlightNetwork.swift in Sources */,
				A10000000000000000000011 /* ../Sources/FlybookEurope/EDFZWeatherService.swift in Sources */,
				A10000000000000000000017 /* ../Sources/FlybookEurope/DWDICONCeilingService.swift in Sources */,
				A10000000000000000000018 /* ../Sources/FlybookEurope/DWDMOSMIXService.swift in Sources */,
				A10000000000000000000012 /* ../Sources/FlybookEurope/FogRiskModel.swift in Sources */,
				A10000000000000000000013 /* FlightPlanningCore.swift in Sources */,
				A10000000000000000000014 /* IPadWeatherViewModel.swift in Sources */,
				A10000000000000000000015 /* IPadRouteWind.swift in Sources */,
				A10000000000000000000016 /* IPadMenuPages.swift in Sources */,
				A10000000000000000000019 /* IPadDestinationFinderWeather.swift in Sources */,
			);
			runOnlyForDeploymentPostprocessing = 0;
		};
/* End PBXSourcesBuildPhase section */

/* Begin XCBuildConfiguration section */
		F20000000000000000000001 /* Debug */ = {
			isa = XCBuildConfiguration;
			buildSettings = {
				ALWAYS_SEARCH_USER_PATHS = NO;
				CLANG_ENABLE_MODULES = YES;
				CLANG_ENABLE_OBJC_ARC = YES;
				COPY_PHASE_STRIP = NO;
				DEBUG_INFORMATION_FORMAT = dwarf;
				ENABLE_TESTABILITY = YES;
				GCC_C_LANGUAGE_STANDARD = gnu17;
				GCC_OPTIMIZATION_LEVEL = 0;
				ONLY_ACTIVE_ARCH = YES;
				SDKROOT = iphoneos;
				SWIFT_ACTIVE_COMPILATION_CONDITIONS = "DEBUG $(inherited)";
				SWIFT_OPTIMIZATION_LEVEL = "-Onone";
			};
			name = Debug;
		};
		F20000000000000000000002 /* Release */ = {
			isa = XCBuildConfiguration;
			buildSettings = {
				ALWAYS_SEARCH_USER_PATHS = NO;
				CLANG_ENABLE_MODULES = YES;
				CLANG_ENABLE_OBJC_ARC = YES;
				COPY_PHASE_STRIP = NO;
				DEBUG_INFORMATION_FORMAT = "dwarf-with-dsym";
				GCC_C_LANGUAGE_STANDARD = gnu17;
				SDKROOT = iphoneos;
				SWIFT_COMPILATION_MODE = wholemodule;
			};
			name = Release;
		};
		F20000000000000000000003 /* Debug */ = {
			isa = XCBuildConfiguration;
			buildSettings = {
				ASSETCATALOG_COMPILER_APPICON_NAME = AppIcon;
				ASSETCATALOG_COMPILER_GLOBAL_ACCENT_COLOR_NAME = AccentColor;
				CODE_SIGN_STYLE = Automatic;
				CURRENT_PROJECT_VERSION = 15000;
				DEVELOPMENT_TEAM = 8U4M6QK39X;
				ENABLE_PREVIEWS = YES;
				GENERATE_INFOPLIST_FILE = YES;
				INFOPLIST_KEY_CFBundleDisplayName = "Flybook Europe";
				INFOPLIST_KEY_LSApplicationCategoryType = "public.app-category.navigation";
				INFOPLIST_KEY_UILaunchScreen_Generation = YES;
				INFOPLIST_KEY_UISupportedInterfaceOrientations_iPad = "UIInterfaceOrientationPortrait UIInterfaceOrientationPortraitUpsideDown";
				IPHONEOS_DEPLOYMENT_TARGET = 17.0;
				MARKETING_VERSION = 1.5.0;
				PRODUCT_BUNDLE_IDENTIFIER = de.stephan.flybook.ipad;
				PRODUCT_NAME = "Flybook Europe";
				SUPPORTED_PLATFORMS = "iphoneos iphonesimulator";
				SUPPORTS_MACCATALYST = NO;
				SWIFT_EMIT_LOC_STRINGS = YES;
				SWIFT_VERSION = 5.0;
				TARGETED_DEVICE_FAMILY = 2;
			};
			name = Debug;
		};
		F20000000000000000000004 /* Release */ = {
			isa = XCBuildConfiguration;
			buildSettings = {
				ASSETCATALOG_COMPILER_APPICON_NAME = AppIcon;
				ASSETCATALOG_COMPILER_GLOBAL_ACCENT_COLOR_NAME = AccentColor;
				CODE_SIGN_STYLE = Automatic;
				CURRENT_PROJECT_VERSION = 15000;
				DEVELOPMENT_TEAM = 8U4M6QK39X;
				ENABLE_PREVIEWS = YES;
				GENERATE_INFOPLIST_FILE = YES;
				INFOPLIST_KEY_CFBundleDisplayName = "Flybook Europe";
				INFOPLIST_KEY_LSApplicationCategoryType = "public.app-category.navigation";
				INFOPLIST_KEY_UILaunchScreen_Generation = YES;
				INFOPLIST_KEY_UISupportedInterfaceOrientations_iPad = "UIInterfaceOrientationPortrait UIInterfaceOrientationPortraitUpsideDown";
				IPHONEOS_DEPLOYMENT_TARGET = 17.0;
				MARKETING_VERSION = 1.5.0;
				PRODUCT_BUNDLE_IDENTIFIER = de.stephan.flybook.ipad;
				PRODUCT_NAME = "Flybook Europe";
				SUPPORTED_PLATFORMS = "iphoneos iphonesimulator";
				SUPPORTS_MACCATALYST = NO;
				SWIFT_EMIT_LOC_STRINGS = YES;
				SWIFT_VERSION = 5.0;
				TARGETED_DEVICE_FAMILY = 2;
			};
			name = Release;
		};
/* End XCBuildConfiguration section */

/* Begin XCConfigurationList section */
		F10000000000000000000001 /* Build configuration list for PBXProject "Flybook-iPad" */ = {
			isa = XCConfigurationList;
			buildConfigurations = (
				F20000000000000000000001 /* Debug */,
				F20000000000000000000002 /* Release */,
			);
			defaultConfigurationIsVisible = 0;
			defaultConfigurationName = Release;
		};
		F10000000000000000000002 /* Build configuration list for PBXNativeTarget "Flybook-iPad" */ = {
			isa = XCConfigurationList;
			buildConfigurations = (
				F20000000000000000000003 /* Debug */,
				F20000000000000000000004 /* Release */,
			);
			defaultConfigurationIsVisible = 0;
			defaultConfigurationName = Release;
		};
/* End XCConfigurationList section */
	};
	rootObject = E10000000000000000000002 /* Project object */;
}
